// !$*UTF8*$!
{
	archiveVersion = 1;
	classes = {
	};
	objectVersion = 46;
	objects = {

/* Begin PBXBuildFile section */
		3DAF07F31EFA6DDA00D6FFB2 /* AppDelegate.swift in Sources */ = {isa = PBXBuildFile; fileRef = 3DAF07F21EFA6DDA00D6FFB2 /* AppDelegate.swift */; };
		3DAF07F81EFA6DDA00D6FFB2 /* Main.storyboard in Resources */ = {isa = PBXBuildFile; fileRef = 3DAF07F61EFA6DDA00D6FFB2 /* Main.storyboard */; };
		3DAF07FD1EFA6DDA00D6FFB2 /* LaunchScreen.storyboard in Resources */ = {isa = PBXBuildFile; fileRef = 3DAF07FB1EFA6DDA00D6FFB2 /* LaunchScreen.storyboard */; };
		3DAF08101EFA722300D6FFB2 /* GoogleService-Info.plist in Resources */ = {isa = PBXBuildFile; fileRef = 3DAF080F1EFA722300D6FFB2 /* GoogleService-Info.plist */; };
		3DAF08131EFA778900D6FFB2 /* Ai.storyboard in Resources */ = {isa = PBXBuildFile; fileRef = 3DAF08121EFA778900D6FFB2 /* Ai.storyboard */; };
		3DAF08151EFA779000D6FFB2 /* Loc.storyboard in Resources */ = {isa = PBXBuildFile; fileRef = 3DAF08141EFA779000D6FFB2 /* Loc.storyboard */; };
		3DAF08171EFA779800D6FFB2 /* Dat.storyboard in Resources */ = {isa = PBXBuildFile; fileRef = 3DAF08161EFA779800D6FFB2 /* Dat.storyboard */; };
		3DAF08191EFA7BE300D6FFB2 /* LoginViewController.swift in Sources */ = {isa = PBXBuildFile; fileRef = 3DAF08181EFA7BE300D6FFB2 /* LoginViewController.swift */; };
		3DAF081B1EFA7BF400D6FFB2 /* ForgetPasswordViewController.swift in Sources */ = {isa = PBXBuildFile; fileRef = 3DAF081A1EFA7BF400D6FFB2 /* ForgetPasswordViewController.swift */; };
		3DAF081D1EFA7DFD00D6FFB2 /* Assets.xcassets in Resources */ = {isa = PBXBuildFile; fileRef = 3DAF081C1EFA7DFD00D6FFB2 /* Assets.xcassets */; };
		CC226C5E62A36BD8081E6E3C /* Pods_TWS.framework in Frameworks */ = {isa = PBXBuildFile; fileRef = D929039417BE9AC9757A6760 /* Pods_TWS.framework */; };
/* End PBXBuildFile section */

/* Begin PBXFileReference section */
		3DAF07EF1EFA6DDA00D6FFB2 /* TWS.app */ = {isa = PBXFileReference; explicitFileType = wrapper.application; includeInIndex = 0; path = TWS.app; sourceTree = BUILT_PRODUCTS_DIR; };
		3DAF07F21EFA6DDA00D6FFB2 /* AppDelegate.swift */ = {isa = PBXFileReference; lastKnownFileType = sourcecode.swift; path = AppDelegate.swift; sourceTree = "<group>"; };
		3DAF07F71EFA6DDA00D6FFB2 /* Base */ = {isa = PBXFileReference; lastKnownFileType = file.storyboard; name = Base; path = Base.lproj/Main.storyboard; sourceTree = "<group>"; };
		3DAF07FC1EFA6DDA00D6FFB2 /* Base */ = {isa = PBXFileReference; lastKnownFileType = file.storyboard; name = Base; path = Base.lproj/LaunchScreen.storyboard; sourceTree = "<group>"; };
		3DAF07FE1EFA6DDA00D6FFB2 /* Info.plist */ = {isa = PBXFileReference; lastKnownFileType = text.plist.xml; path = Info.plist; sourceTree = "<group>"; };
		3DAF080F1EFA722300D6FFB2 /* GoogleService-Info.plist */ = {isa = PBXFileReference; fileEncoding = 4; lastKnownFileType = text.plist.xml; path = "GoogleService-Info.plist"; sourceTree = "<group>"; };
		3DAF08111EFA736C00D6FFB2 /* TWS.entitlements */ = {isa = PBXFileReference; lastKnownFileType = text.plist.entitlements; path = TWS.entitlements; sourceTree = "<group>"; };
		3DAF08121EFA778900D6FFB2 /* Ai.storyboard */ = {isa = PBXFileReference; fileEncoding = 4; lastKnownFileType = file.storyboard; path = Ai.storyboard; sourceTree = "<group>"; };
		3DAF08141EFA779000D6FFB2 /* Loc.storyboard */ = {isa = PBXFileReference; fileEncoding = 4; lastKnownFileType = file.storyboard; path = Loc.storyboard; sourceTree = "<group>"; };
		3DAF08161EFA779800D6FFB2 /* Dat.storyboard */ = {isa = PBXFileReference; fileEncoding = 4; lastKnownFileType = file.storyboard; path = Dat.storyboard; sourceTree = "<group>"; };
		3DAF08181EFA7BE300D6FFB2 /* LoginViewController.swift */ = {isa = PBXFileReference; fileEncoding = 4; lastKnownFileType = sourcecode.swift; path = LoginViewController.swift; sourceTree = "<group>"; };
		3DAF081A1EFA7BF400D6FFB2 /* ForgetPasswordViewController.swift */ = {isa = PBXFileReference; fileEncoding = 4; lastKnownFileType = sourcecode.swift; path = ForgetPasswordViewController.swift; sourceTree = "<group>"; };
		3DAF081C1EFA7DFD00D6FFB2 /* Assets.xcassets */ = {isa = PBXFileReference; lastKnownFileType = folder.assetcatalog; path = Assets.xcassets; sourceTree = "<group>"; };
		D929039417BE9AC9757A6760 /* Pods_TWS.framework */ = {isa = PBXFileReference; explicitFileType = wrapper.framework; includeInIndex = 0; path = Pods_TWS.framework; sourceTree = BUILT_PRODUCTS_DIR; };
		EC3619C1CFD360F9EC0F27C2 /* Pods-TWS.release.xcconfig */ = {isa = PBXFileReference; includeInIndex = 1; lastKnownFileType = text.xcconfig; name = "Pods-TWS.release.xcconfig"; path = "Pods/Target Support Files/Pods-TWS/Pods-TWS.release.xcconfig"; sourceTree = "<group>"; };
		F9F2FBAC706AF9D17739F024 /* Pods-TWS.debug.xcconfig */ = {isa = PBXFileReference; includeInIndex = 1; lastKnownFileType = text.xcconfig; name = "Pods-TWS.debug.xcconfig"; path = "Pods/Target Support Files/Pods-TWS/Pods-TWS.debug.xcconfig"; sourceTree = "<group>"; };
/* End PBXFileReference section */

/* Begin PBXFrameworksBuildPhase section */
		3DAF07EC1EFA6DDA00D6FFB2 /* Frameworks */ = {
			isa = PBXFrameworksBuildPhase;
			buildActionMask = 2147483647;
			files = (
				CC226C5E62A36BD8081E6E3C /* Pods_TWS.framework in Frameworks */,
			);
			runOnlyForDeploymentPostprocessing = 0;
		};
/* End PBXFrameworksBuildPhase section */

/* Begin PBXGroup section */
		3DAF07E61EFA6DDA00D6FFB2 = {
			isa = PBXGroup;
			children = (
				3DAF07F11EFA6DDA00D6FFB2 /* TWS */,
				3DAF07F01EFA6DDA00D6FFB2 /* Products */,
				96A8B944736E7D37EA7C0474 /* Pods */,
				E115A621AF2AD4A55AAA5206 /* Frameworks */,
			);
			sourceTree = "<group>";
		};
		3DAF07F01EFA6DDA00D6FFB2 /* Products */ = {
			isa = PBXGroup;
			children = (
				3DAF07EF1EFA6DDA00D6FFB2 /* TWS.app */,
			);
			name = Products;
			sourceTree = "<group>";
		};
		3DAF07F11EFA6DDA00D6FFB2 /* TWS */ = {
			isa = PBXGroup;
			children = (
				3DAF08111EFA736C00D6FFB2 /* TWS.entitlements */,
				3DAF08041EFA6DF900D6FFB2 /* views */,
				3DAF08051EFA6E0700D6FFB2 /* controllers */,
				3DAF08071EFA6E1600D6FFB2 /* models */,
				3DAF08081EFA6E2300D6FFB2 /* storyboards */,
				3DAF08061EFA6E0F00D6FFB2 /* libs */,
				3DAF07FE1EFA6DDA00D6FFB2 /* Info.plist */,
				3DAF080F1EFA722300D6FFB2 /* GoogleService-Info.plist */,
				3DAF081C1EFA7DFD00D6FFB2 /* Assets.xcassets */,
			);
			path = TWS;
			sourceTree = "<group>";
		};
		3DAF08041EFA6DF900D6FFB2 /* views */ = {
			isa = PBXGroup;
			children = (
			);
			name = views;
			sourceTree = "<group>";
		};
		3DAF08051EFA6E0700D6FFB2 /* controllers */ = {
			isa = PBXGroup;
			children = (
				3DAF080A1EFA6E3D00D6FFB2 /* login */,
				3DAF08091EFA6E3600D6FFB2 /* main */,
			);
			name = controllers;
			sourceTree = "<group>";
		};
		3DAF08061EFA6E0F00D6FFB2 /* libs */ = {
			isa = PBXGroup;
			children = (
			);
			name = libs;
			sourceTree = "<group>";
		};
		3DAF08071EFA6E1600D6FFB2 /* models */ = {
			isa = PBXGroup;
			children = (
			);
			name = models;
			sourceTree = "<group>";
		};
		3DAF08081EFA6E2300D6FFB2 /* storyboards */ = {
			isa = PBXGroup;
			children = (
				3DAF07F61EFA6DDA00D6FFB2 /* Main.storyboard */,
				3DAF08121EFA778900D6FFB2 /* Ai.storyboard */,
				3DAF08141EFA779000D6FFB2 /* Loc.storyboard */,
				3DAF08161EFA779800D6FFB2 /* Dat.storyboard */,
				3DAF07FB1EFA6DDA00D6FFB2 /* LaunchScreen.storyboard */,
			);
			name = storyboards;
			sourceTree = "<group>";
		};
		3DAF08091EFA6E3600D6FFB2 /* main */ = {
			isa = PBXGroup;
			children = (
				3DAF07F21EFA6DDA00D6FFB2 /* AppDelegate.swift */,
			);
			name = main;
			sourceTree = "<group>";
		};
		3DAF080A1EFA6E3D00D6FFB2 /* login */ = {
			isa = PBXGroup;
			children = (
				3DAF08181EFA7BE300D6FFB2 /* LoginViewController.swift */,
				3DAF081A1EFA7BF400D6FFB2 /* ForgetPasswordViewController.swift */,
			);
			name = login;
			sourceTree = "<group>";
		};
		96A8B944736E7D37EA7C0474 /* Pods */ = {
			isa = PBXGroup;
			children = (
				F9F2FBAC706AF9D17739F024 /* Pods-TWS.debug.xcconfig */,
				EC3619C1CFD360F9EC0F27C2 /* Pods-TWS.release.xcconfig */,
			);
			name = Pods;
			sourceTree = "<group>";
		};
		E115A621AF2AD4A55AAA5206 /* Frameworks */ = {
			isa = PBXGroup;
			children = (
				D929039417BE9AC9757A6760 /* Pods_TWS.framework */,
			);
			name = Frameworks;
			sourceTree = "<group>";
		};
/* End PBXGroup section */

/* Begin PBXNativeTarget section */
		3DAF07EE1EFA6DDA00D6FFB2 /* TWS */ = {
			isa = PBXNativeTarget;
			buildConfigurationList = 3DAF08011EFA6DDA00D6FFB2 /* Build configuration list for PBXNativeTarget "TWS" */;
			buildPhases = (
				FEEDE959F0D52881608DFB81 /* [CP] Check Pods Manifest.lock */,
				3DAF07EB1EFA6DDA00D6FFB2 /* Sources */,
				3DAF07EC1EFA6DDA00D6FFB2 /* Frameworks */,
				3DAF07ED1EFA6DDA00D6FFB2 /* Resources */,
				C64F16F2AA27F9B2F9CF9719 /* [CP] Embed Pods Frameworks */,
				5CE613951E161AAFEAB4F8C0 /* [CP] Copy Pods Resources */,
			);
			buildRules = (
			);
			dependencies = (
			);
			name = TWS;
			productName = TWS;
			productReference = 3DAF07EF1EFA6DDA00D6FFB2 /* TWS.app */;
			productType = "com.apple.product-type.application";
		};
/* End PBXNativeTarget section */

/* Begin PBXProject section */
		3DAF07E71EFA6DDA00D6FFB2 /* Project object */ = {
			isa = PBXProject;
			attributes = {
				LastSwiftUpdateCheck = 0830;
				LastUpgradeCheck = 0830;
				ORGANIZATIONNAME = ATGroup;
				TargetAttributes = {
					3DAF07EE1EFA6DDA00D6FFB2 = {
						CreatedOnToolsVersion = 8.3.3;
						DevelopmentTeam = GM9H4FS3LJ;
						ProvisioningStyle = Automatic;
						SystemCapabilities = {
							com.apple.BackgroundModes = {
								enabled = 1;
							};
							com.apple.Keychain = {
								enabled = 1;
							};
							com.apple.Push = {
								enabled = 1;
							};
						};
					};
				};
			};
			buildConfigurationList = 3DAF07EA1EFA6DDA00D6FFB2 /* Build configuration list for PBXProject "TWS" */;
			compatibilityVersion = "Xcode 3.2";
			developmentRegion = English;
			hasScannedForEncodings = 0;
			knownRegions = (
				en,
				Base,
			);
			mainGroup = 3DAF07E61EFA6DDA00D6FFB2;
			productRefGroup = 3DAF07F01EFA6DDA00D6FFB2 /* Products */;
			projectDirPath = "";
			projectRoot = "";
			targets = (
				3DAF07EE1EFA6DDA00D6FFB2 /* TWS */,
			);
		};
/* End PBXProject section */

/* Begin PBXResourcesBuildPhase section */
		3DAF07ED1EFA6DDA00D6FFB2 /* Resources */ = {
			isa = PBXResourcesBuildPhase;
			buildActionMask = 2147483647;
			files = (
				3DAF07FD1EFA6DDA00D6FFB2 /* LaunchScreen.storyboard in Resources */,
				3DAF08131EFA778900D6FFB2 /* Ai.storyboard in Resources */,
				3DAF08101EFA722300D6FFB2 /* GoogleService-Info.plist in Resources */,
				3DAF08171EFA779800D6FFB2 /* Dat.storyboard in Resources */,
				3DAF081D1EFA7DFD00D6FFB2 /* Assets.xcassets in Resources */,
				3DAF08151EFA779000D6FFB2 /* Loc.storyboard in Resources */,
				3DAF07F81EFA6DDA00D6FFB2 /* Main.storyboard in Resources */,
			);
			runOnlyForDeploymentPostprocessing = 0;
		};
/* End PBXResourcesBuildPhase section */

/* Begin PBXShellScriptBuildPhase section */
		5CE613951E161AAFEAB4F8C0 /* [CP] Copy Pods Resources */ = {
			isa = PBXShellScriptBuildPhase;
			buildActionMask = 2147483647;
			files = (
			);
			inputPaths = (
			);
			name = "[CP] Copy Pods Resources";
			outputPaths = (
			);
			runOnlyForDeploymentPostprocessing = 0;
			shellPath = /bin/sh;
			shellScript = "\"${SRCROOT}/Pods/Target Support Files/Pods-TWS/Pods-TWS-resources.sh\"\n";
			showEnvVarsInLog = 0;
		};
		C64F16F2AA27F9B2F9CF9719 /* [CP] Embed Pods Frameworks */ = {
			isa = PBXShellScriptBuildPhase;
			buildActionMask = 2147483647;
			files = (
			);
			inputPaths = (
			);
			name = "[CP] Embed Pods Frameworks";
			outputPaths = (
			);
			runOnlyForDeploymentPostprocessing = 0;
			shellPath = /bin/sh;
			shellScript = "\"${SRCROOT}/Pods/Target Support Files/Pods-TWS/Pods-TWS-frameworks.sh\"\n";
			showEnvVarsInLog = 0;
		};
		FEEDE959F0D52881608DFB81 /* [CP] Check Pods Manifest.lock */ = {
			isa = PBXShellScriptBuildPhase;
			buildActionMask = 2147483647;
			files = (
			);
			inputPaths = (
			);
			name = "[CP] Check Pods Manifest.lock";
			outputPaths = (
			);
			runOnlyForDeploymentPostprocessing = 0;
			shellPath = /bin/sh;
			shellScript = "diff \"${PODS_PODFILE_DIR_PATH}/Podfile.lock\" \"${PODS_ROOT}/Manifest.lock\" > /dev/null\nif [ $? != 0 ] ; then\n    # print error to STDERR\n    echo \"error: The sandbox is not in sync with the Podfile.lock. Run 'pod install' or update your CocoaPods installation.\" >&2\n    exit 1\nfi\n";
			showEnvVarsInLog = 0;
		};
/* End PBXShellScriptBuildPhase section */

/* Begin PBXSourcesBuildPhase section */
		3DAF07EB1EFA6DDA00D6FFB2 /* Sources */ = {
			isa = PBXSourcesBuildPhase;
			buildActionMask = 2147483647;
			files = (
				3DAF08191EFA7BE300D6FFB2 /* LoginViewController.swift in Sources */,
				3DAF081B1EFA7BF400D6FFB2 /* ForgetPasswordViewController.swift in Sources */,
				3DAF07F31EFA6DDA00D6FFB2 /* AppDelegate.swift in Sources */,
			);
			runOnlyForDeploymentPostprocessing = 0;
		};
/* End PBXSourcesBuildPhase section */

/* Begin PBXVariantGroup section */
		3DAF07F61EFA6DDA00D6FFB2 /* Main.storyboard */ = {
			isa = PBXVariantGroup;
			children = (
				3DAF07F71EFA6DDA00D6FFB2 /* Base */,
			);
			name = Main.storyboard;
			sourceTree = "<group>";
		};
		3DAF07FB1EFA6DDA00D6FFB2 /* LaunchScreen.storyboard */ = {
			isa = PBXVariantGroup;
			children = (
				3DAF07FC1EFA6DDA00D6FFB2 /* Base */,
			);
			name = LaunchScreen.storyboard;
			sourceTree = "<group>";
		};
/* End PBXVariantGroup section */

/* Begin XCBuildConfiguration section */
		3DAF07FF1EFA6DDA00D6FFB2 /* Debug */ = {
			isa = XCBuildConfiguration;
			buildSettings = {
				ALWAYS_SEARCH_USER_PATHS = NO;
				CLANG_ANALYZER_NONNULL = YES;
				CLANG_ANALYZER_NUMBER_OBJECT_CONVERSION = YES_AGGRESSIVE;
				CLANG_CXX_LANGUAGE_STANDARD = "gnu++0x";
				CLANG_CXX_LIBRARY = "libc++";
				CLANG_ENABLE_MODULES = YES;
				CLANG_ENABLE_OBJC_ARC = YES;
				CLANG_WARN_BOOL_CONVERSION = YES;
				CLANG_WARN_CONSTANT_CONVERSION = YES;
				CLANG_WARN_DIRECT_OBJC_ISA_USAGE = YES_ERROR;
				CLANG_WARN_DOCUMENTATION_COMMENTS = YES;
				CLANG_WARN_EMPTY_BODY = YES;
				CLANG_WARN_ENUM_CONVERSION = YES;
				CLANG_WARN_INFINITE_RECURSION = YES;
				CLANG_WARN_INT_CONVERSION = YES;
				CLANG_WARN_OBJC_ROOT_CLASS = YES_ERROR;
				CLANG_WARN_SUSPICIOUS_MOVE = YES;
				CLANG_WARN_UNREACHABLE_CODE = YES;
				CLANG_WARN__DUPLICATE_METHOD_MATCH = YES;
				"CODE_SIGN_IDENTITY[sdk=iphoneos*]" = "iPhone Developer";
				COPY_PHASE_STRIP = NO;
				DEBUG_INFORMATION_FORMAT = dwarf;
				ENABLE_STRICT_OBJC_MSGSEND = YES;
				ENABLE_TESTABILITY = YES;
				GCC_C_LANGUAGE_STANDARD = gnu99;
				GCC_DYNAMIC_NO_PIC = NO;
				GCC_NO_COMMON_BLOCKS = YES;
				GCC_OPTIMIZATION_LEVEL = 0;
				GCC_PREPROCESSOR_DEFINITIONS = (
					"DEBUG=1",
					"$(inherited)",
				);
				GCC_WARN_64_TO_32_BIT_CONVERSION = YES;
				GCC_WARN_ABOUT_RETURN_TYPE = YES_ERROR;
				GCC_WARN_UNDECLARED_SELECTOR = YES;
				GCC_WARN_UNINITIALIZED_AUTOS = YES_AGGRESSIVE;
				GCC_WARN_UNUSED_FUNCTION = YES;
				GCC_WARN_UNUSED_VARIABLE = YES;
				IPHONEOS_DEPLOYMENT_TARGET = 10.3;
				MTL_ENABLE_DEBUG_INFO = YES;
				ONLY_ACTIVE_ARCH = YES;
				SDKROOT = iphoneos;
				SWIFT_ACTIVE_COMPILATION_CONDITIONS = DEBUG;
				SWIFT_OPTIMIZATION_LEVEL = "-Onone";
				TARGETED_DEVICE_FAMILY = "1,2";
			};
			name = Debug;
		};
		3DAF08001EFA6DDA00D6FFB2 /* Release */ = {
			isa = XCBuildConfiguration;
			buildSettings = {
				ALWAYS_SEARCH_USER_PATHS = NO;
				CLANG_ANALYZER_NONNULL = YES;
				CLANG_ANALYZER_NUMBER_OBJECT_CONVERSION = YES_AGGRESSIVE;
				CLANG_CXX_LANGUAGE_STANDARD = "gnu++0x";
				CLANG_CXX_LIBRARY = "libc++";
				CLANG_ENABLE_MODULES = YES;
				CLANG_ENABLE_OBJC_ARC = YES;
				CLANG_WARN_BOOL_CONVERSION = YES;
				CLANG_WARN_CONSTANT_CONVERSION = YES;
				CLANG_WARN_DIRECT_OBJC_ISA_USAGE = YES_ERROR;
				CLANG_WARN_DOCUMENTATION_COMMENTS = YES;
				CLANG_WARN_EMPTY_BODY = YES;
				CLANG_WARN_ENUM_CONVERSION = YES;
				CLANG_WARN_INFINITE_RECURSION = YES;
				CLANG_WARN_INT_CONVERSION = YES;
				CLANG_WARN_OBJC_ROOT_CLASS = YES_ERROR;
				CLANG_WARN_SUSPICIOUS_MOVE = YES;
				CLANG_WARN_UNREACHABLE_CODE = YES;
				CLANG_WARN__DUPLICATE_METHOD_MATCH = YES;
				"CODE_SIGN_IDENTITY[sdk=iphoneos*]" = "iPhone Developer";
				COPY_PHASE_STRIP = NO;
				DEBUG_INFORMATION_FORMAT = "dwarf-with-dsym";
				ENABLE_NS_ASSERTIONS = NO;
				ENABLE_STRICT_OBJC_MSGSEND = YES;
				GCC_C_LANGUAGE_STANDARD = gnu99;
				GCC_NO_COMMON_BLOCKS = YES;
				GCC_WARN_64_TO_32_BIT_CONVERSION = YES;
				GCC_WARN_ABOUT_RETURN_TYPE = YES_ERROR;
				GCC_WARN_UNDECLARED_SELECTOR = YES;
				GCC_WARN_UNINITIALIZED_AUTOS = YES_AGGRESSIVE;
				GCC_WARN_UNUSED_FUNCTION = YES;
				GCC_WARN_UNUSED_VARIABLE = YES;
				IPHONEOS_DEPLOYMENT_TARGET = 10.3;
				MTL_ENABLE_DEBUG_INFO = NO;
				SDKROOT = iphoneos;
				SWIFT_OPTIMIZATION_LEVEL = "-Owholemodule";
				TARGETED_DEVICE_FAMILY = "1,2";
				VALIDATE_PRODUCT = YES;
			};
			name = Release;
		};
		3DAF08021EFA6DDA00D6FFB2 /* Debug */ = {
			isa = XCBuildConfiguration;
			baseConfigurationReference = F9F2FBAC706AF9D17739F024 /* Pods-TWS.debug.xcconfig */;
			buildSettings = {
				ASSETCATALOG_COMPILER_APPICON_NAME = AppIcon;
				CODE_SIGN_ENTITLEMENTS = TWS/TWS.entitlements;
				DEVELOPMENT_TEAM = GM9H4FS3LJ;
				INFOPLIST_FILE = TWS/Info.plist;
				IPHONEOS_DEPLOYMENT_TARGET = 8.0;
				LD_RUNPATH_SEARCH_PATHS = "$(inherited) @executable_path/Frameworks";
				PRODUCT_BUNDLE_IDENTIFIER = com.atgroup.twu;
				PRODUCT_NAME = "$(TARGET_NAME)";
				SWIFT_VERSION = 3.0;
			};
			name = Debug;
		};
		3DAF08031EFA6DDA00D6FFB2 /* Release */ = {
			isa = XCBuildConfiguration;
			baseConfigurationReference = EC3619C1CFD360F9EC0F27C2 /* Pods-TWS.release.xcconfig */;
			buildSettings = {
				ASSETCATALOG_COMPILER_APPICON_NAME = AppIcon;
				CODE_SIGN_ENTITLEMENTS = TWS/TWS.entitlements;
				DEVELOPMENT_TEAM = GM9H4FS3LJ;
				INFOPLIST_FILE = TWS/Info.plist;
				IPHONEOS_DEPLOYMENT_TARGET = 8.0;
				LD_RUNPATH_SEARCH_PATHS = "$(inherited) @executable_path/Frameworks";
				PRODUCT_BUNDLE_IDENTIFIER = com.atgroup.twu;
				PRODUCT_NAME = "$(TARGET_NAME)";
				SWIFT_VERSION = 3.0;
			};
			name = Release;
		};
/* End XCBuildConfiguration section */

/* Begin XCConfigurationList section */
		3DAF07EA1EFA6DDA00D6FFB2 /* Build configuration list for PBXProject "TWS" */ = {
			isa = XCConfigurationList;
			buildConfigurations = (
				3DAF07FF1EFA6DDA00D6FFB2 /* Debug */,
				3DAF08001EFA6DDA00D6FFB2 /* Release */,
			);
			defaultConfigurationIsVisible = 0;
			defaultConfigurationName = Release;
		};
		3DAF08011EFA6DDA00D6FFB2 /* Build configuration list for PBXNativeTarget "TWS" */ = {
			isa = XCConfigurationList;
			buildConfigurations = (
				3DAF08021EFA6DDA00D6FFB2 /* Debug */,
				3DAF08031EFA6DDA00D6FFB2 /* Release */,
			);
			defaultConfigurationIsVisible = 0;
			defaultConfigurationName = Release;
		};
/* End XCConfigurationList section */
	};
	rootObject = 3DAF07E71EFA6DDA00D6FFB2 /* Project object */;
}
